
Microsoft Visual Studio Solution File, Format Version 12.00
# Visual Studio Version 17
VisualStudioVersion = 17.4.33122.133
MinimumVisualStudioVersion = 10.0.40219.1
Project("{FAE04EC0-301F-11D3-BF4B-00C04F79EFBC}") = "APICatalogo", "APICatalogo.csproj", "{195F6EC2-89BB-432C-BAD5-2490B425ED41}"
EndProject
Global
	GlobalSection(SolutionConfigurationPlatforms) = preSolution
		Debug|Any CPU = Debug|Any CPU
		Release|Any CPU = Release|Any CPU
	EndGlobalSection
	GlobalSection(ProjectConfigurationPlatforms) = postSolution
		{195F6EC2-89BB-432C-BAD5-2490B425ED41}.Debug|Any CPU.ActiveCfg = Debug|Any CPU
		{195F6EC2-89BB-432C-BAD5-2490B425ED41}.Debug|Any CPU.Build.0 = Debug|Any CPU
		{195F6EC2-89BB-432C-BAD5-2490B425ED41}.Release|Any CPU.ActiveCfg = Release|Any CPU
		{195F6EC2-89BB-432C-BAD5-2490B425ED41}.Release|Any CPU.Build.0 = Release|Any CPU
	EndGlobalSection
	GlobalSection(SolutionProperties) = preSolution
		HideSolutionNode = FALSE
	EndGlobalSection
	GlobalSection(ExtensibilityGlobals) = postSolution
		SolutionGuid = {2AFB2B40-A3A4-4F97-BBB6-C7725FB9BFB9}
	EndGlobalSection
EndGlobal
